// !$*UTF8*$!
{
	archiveVersion = 1;
	classes = {
	};
	objectVersion = 46;
	objects = {

/* Begin PBXBuildFile section */
		A22C9D2C1A68752200C99FE6 /* main.m in Sources */ = {isa = PBXBuildFile; fileRef = A22C9D2B1A68752200C99FE6 /* main.m */; };
		A22C9D2F1A68752200C99FE6 /* AppDelegate.m in Sources */ = {isa = PBXBuildFile; fileRef = A22C9D2E1A68752200C99FE6 /* AppDelegate.m */; };
		A22C9D321A68752300C99FE6 /* RootViewController.m in Sources */ = {isa = PBXBuildFile; fileRef = A22C9D311A68752300C99FE6 /* RootViewController.m */; };
		A22C9D351A68752300C99FE6 /* Main.storyboard in Resources */ = {isa = PBXBuildFile; fileRef = A22C9D331A68752300C99FE6 /* Main.storyboard */; };
		A22C9D371A68752300C99FE6 /* Images.xcassets in Resources */ = {isa = PBXBuildFile; fileRef = A22C9D361A68752300C99FE6 /* Images.xcassets */; };
		A22C9D3A1A68752300C99FE6 /* LaunchScreen.xib in Resources */ = {isa = PBXBuildFile; fileRef = A22C9D381A68752300C99FE6 /* LaunchScreen.xib */; };
		A22C9D461A68752300C99FE6 /* LionsAndTigersTests.m in Sources */ = {isa = PBXBuildFile; fileRef = A22C9D451A68752300C99FE6 /* LionsAndTigersTests.m */; };
		A22C9D511A6875B100C99FE6 /* TopNewViewController.m in Sources */ = {isa = PBXBuildFile; fileRef = A22C9D501A6875B100C99FE6 /* TopNewViewController.m */; };
		A22C9D541A6875CF00C99FE6 /* HUDViewController.m in Sources */ = {isa = PBXBuildFile; fileRef = A22C9D531A6875CF00C99FE6 /* HUDViewController.m */; };
		A2F53DAD1A6B1A290038C034 /* CustomCollectionViewCell.m in Sources */ = {isa = PBXBuildFile; fileRef = A2F53DAC1A6B1A290038C034 /* CustomCollectionViewCell.m */; };
/* End PBXBuildFile section */

/* Begin PBXContainerItemProxy section */
		A22C9D401A68752300C99FE6 /* PBXContainerItemProxy */ = {
			isa = PBXContainerItemProxy;
			containerPortal = A22C9D1E1A68752200C99FE6 /* Project object */;
			proxyType = 1;
			remoteGlobalIDString = A22C9D251A68752200C99FE6;
			remoteInfo = LionsAndTigers;
		};
/* End PBXContainerItemProxy section */

/* Begin PBXFileReference section */
		A22C9D261A68752200C99FE6 /* LionsAndTigers.app */ = {isa = PBXFileReference; explicitFileType = wrapper.application; includeInIndex = 0; path = LionsAndTigers.app; sourceTree = BUILT_PRODUCTS_DIR; };
		A22C9D2A1A68752200C99FE6 /* Info.plist */ = {isa = PBXFileReference; lastKnownFileType = text.plist.xml; path = Info.plist; sourceTree = "<group>"; };
		A22C9D2B1A68752200C99FE6 /* main.m */ = {isa = PBXFileReference; lastKnownFileType = sourcecode.c.objc; path = main.m; sourceTree = "<group>"; };
		A22C9D2D1A68752200C99FE6 /* AppDelegate.h */ = {isa = PBXFileReference; lastKnownFileType = sourcecode.c.h; path = AppDelegate.h; sourceTree = "<group>"; };
		A22C9D2E1A68752200C99FE6 /* AppDelegate.m */ = {isa = PBXFileReference; lastKnownFileType = sourcecode.c.objc; path = AppDelegate.m; sourceTree = "<group>"; };
		A22C9D301A68752300C99FE6 /* RootViewController.h */ = {isa = PBXFileReference; lastKnownFileType = sourcecode.c.h; path = RootViewController.h; sourceTree = "<group>"; };
		A22C9D311A68752300C99FE6 /* RootViewController.m */ = {isa = PBXFileReference; lastKnownFileType = sourcecode.c.objc; path = RootViewController.m; sourceTree = "<group>"; };
		A22C9D341A68752300C99FE6 /* Base */ = {isa = PBXFileReference; lastKnownFileType = file.storyboard; name = Base; path = Base.lproj/Main.storyboard; sourceTree = "<group>"; };
		A22C9D361A68752300C99FE6 /* Images.xcassets */ = {isa = PBXFileReference; lastKnownFileType = folder.assetcatalog; path = Images.xcassets; sourceTree = "<group>"; };
		A22C9D391A68752300C99FE6 /* Base */ = {isa = PBXFileReference; lastKnownFileType = file.xib; name = Base; path = Base.lproj/LaunchScreen.xib; sourceTree = "<group>"; };
		A22C9D3F1A68752300C99FE6 /* LionsAndTigersTests.xctest */ = {isa = PBXFileReference; explicitFileType = wrapper.cfbundle; includeInIndex = 0; path = LionsAndTigersTests.xctest; sourceTree = BUILT_PRODUCTS_DIR; };
		A22C9D441A68752300C99FE6 /* Info.plist */ = {isa = PBXFileReference; lastKnownFileType = text.plist.xml; path = Info.plist; sourceTree = "<group>"; };
		A22C9D451A68752300C99FE6 /* LionsAndTigersTests.m */ = {isa = PBXFileReference; lastKnownFileType = sourcecode.c.objc; path = LionsAndTigersTests.m; sourceTree = "<group>"; };
		A22C9D4F1A6875B100C99FE6 /* TopNewViewController.h */ = {isa = PBXFileReference; fileEncoding = 4; lastKnownFileType = sourcecode.c.h; path = TopNewViewController.h; sourceTree = "<group>"; };
		A22C9D501A6875B100C99FE6 /* TopNewViewController.m */ = {isa = PBXFileReference; fileEncoding = 4; lastKnownFileType = sourcecode.c.objc; path = TopNewViewController.m; sourceTree = "<group>"; };
		A22C9D521A6875CF00C99FE6 /* HUDViewController.h */ = {isa = PBXFileReference; fileEncoding = 4; lastKnownFileType = sourcecode.c.h; path = HUDViewController.h; sourceTree = "<group>"; };
		A22C9D531A6875CF00C99FE6 /* HUDViewController.m */ = {isa = PBXFileReference; fileEncoding = 4; lastKnownFileType = sourcecode.c.objc; path = HUDViewController.m; sourceTree = "<group>"; };
		A2F53DAB1A6B1A290038C034 /* CustomCollectionViewCell.h */ = {isa = PBXFileReference; fileEncoding = 4; lastKnownFileType = sourcecode.c.h; path = CustomCollectionViewCell.h; sourceTree = "<group>"; };
		A2F53DAC1A6B1A290038C034 /* CustomCollectionViewCell.m */ = {isa = PBXFileReference; fileEncoding = 4; lastKnownFileType = sourcecode.c.objc; path = CustomCollectionViewCell.m; sourceTree = "<group>"; };
/* End PBXFileReference section */

/* Begin PBXFrameworksBuildPhase section */
		A22C9D231A68752200C99FE6 /* Frameworks */ = {
			isa = PBXFrameworksBuildPhase;
			buildActionMask = 2147483647;
			files = (
			);
			runOnlyForDeploymentPostprocessing = 0;
		};
		A22C9D3C1A68752300C99FE6 /* Frameworks */ = {
			isa = PBXFrameworksBuildPhase;
			buildActionMask = 2147483647;
			files = (
			);
			runOnlyForDeploymentPostprocessing = 0;
		};
/* End PBXFrameworksBuildPhase section */

/* Begin PBXGroup section */
		A22C9D1D1A68752200C99FE6 = {
			isa = PBXGroup;
			children = (
				A22C9D281A68752200C99FE6 /* LionsAndTigers */,
				A22C9D421A68752300C99FE6 /* LionsAndTigersTests */,
				A22C9D271A68752200C99FE6 /* Products */,
			);
			sourceTree = "<group>";
		};
		A22C9D271A68752200C99FE6 /* Products */ = {
			isa = PBXGroup;
			children = (
				A22C9D261A68752200C99FE6 /* LionsAndTigers.app */,
				A22C9D3F1A68752300C99FE6 /* LionsAndTigersTests.xctest */,
			);
			name = Products;
			sourceTree = "<group>";
		};
		A22C9D281A68752200C99FE6 /* LionsAndTigers */ = {
			isa = PBXGroup;
			children = (
				A22C9D2D1A68752200C99FE6 /* AppDelegate.h */,
				A22C9D2E1A68752200C99FE6 /* AppDelegate.m */,
				A22C9D331A68752300C99FE6 /* Main.storyboard */,
				A22C9D4F1A6875B100C99FE6 /* TopNewViewController.h */,
				A22C9D501A6875B100C99FE6 /* TopNewViewController.m */,
				A22C9D521A6875CF00C99FE6 /* HUDViewController.h */,
				A22C9D531A6875CF00C99FE6 /* HUDViewController.m */,
				A22C9D301A68752300C99FE6 /* RootViewController.h */,
				A22C9D311A68752300C99FE6 /* RootViewController.m */,
				A2F53DAB1A6B1A290038C034 /* CustomCollectionViewCell.h */,
				A2F53DAC1A6B1A290038C034 /* CustomCollectionViewCell.m */,
				A22C9D361A68752300C99FE6 /* Images.xcassets */,
				A22C9D381A68752300C99FE6 /* LaunchScreen.xib */,
				A22C9D291A68752200C99FE6 /* Supporting Files */,
			);
			path = LionsAndTigers;
			sourceTree = "<group>";
		};
		A22C9D291A68752200C99FE6 /* Supporting Files */ = {
			isa = PBXGroup;
			children = (
				A22C9D2A1A68752200C99FE6 /* Info.plist */,
				A22C9D2B1A68752200C99FE6 /* main.m */,
			);
			name = "Supporting Files";
			sourceTree = "<group>";
		};
		A22C9D421A68752300C99FE6 /* LionsAndTigersTests */ = {
			isa = PBXGroup;
			children = (
				A22C9D451A68752300C99FE6 /* LionsAndTigersTests.m */,
				A22C9D431A68752300C99FE6 /* Supporting Files */,
			);
			path = LionsAndTigersTests;
			sourceTree = "<group>";
		};
		A22C9D431A68752300C99FE6 /* Supporting Files */ = {
			isa = PBXGroup;
			children = (
				A22C9D441A68752300C99FE6 /* Info.plist */,
			);
			name = "Supporting Files";
			sourceTree = "<group>";
		};
/* End PBXGroup section */

/* Begin PBXNativeTarget section */
		A22C9D251A68752200C99FE6 /* LionsAndTigers */ = {
			isa = PBXNativeTarget;
			buildConfigurationList = A22C9D491A68752300C99FE6 /* Build configuration list for PBXNativeTarget "LionsAndTigers" */;
			buildPhases = (
				A22C9D221A68752200C99FE6 /* Sources */,
				A22C9D231A68752200C99FE6 /* Frameworks */,
				A22C9D241A68752200C99FE6 /* Resources */,
			);
			buildRules = (
			);
			dependencies = (
			);
			name = LionsAndTigers;
			productName = LionsAndTigers;
			productReference = A22C9D261A68752200C99FE6 /* LionsAndTigers.app */;
			productType = "com.apple.product-type.application";
		};
		A22C9D3E1A68752300C99FE6 /* LionsAndTigersTests */ = {
			isa = PBXNativeTarget;
			buildConfigurationList = A22C9D4C1A68752300C99FE6 /* Build configuration list for PBXNativeTarget "LionsAndTigersTests" */;
			buildPhases = (
				A22C9D3B1A68752300C99FE6 /* Sources */,
				A22C9D3C1A68752300C99FE6 /* Frameworks */,
				A22C9D3D1A68752300C99FE6 /* Resources */,
			);
			buildRules = (
			);
			dependencies = (
				A22C9D411A68752300C99FE6 /* PBXTargetDependency */,
			);
			name = LionsAndTigersTests;
			productName = LionsAndTigersTests;
			productReference = A22C9D3F1A68752300C99FE6 /* LionsAndTigersTests.xctest */;
			productType = "com.apple.product-type.bundle.unit-test";
		};
/* End PBXNativeTarget section */

/* Begin PBXProject section */
		A22C9D1E1A68752200C99FE6 /* Project object */ = {
			isa = PBXProject;
			attributes = {
				LastUpgradeCheck = 0610;
				ORGANIZATIONNAME = com.Seaver;
				TargetAttributes = {
					A22C9D251A68752200C99FE6 = {
						CreatedOnToolsVersion = 6.1.1;
					};
					A22C9D3E1A68752300C99FE6 = {
						CreatedOnToolsVersion = 6.1.1;
						TestTargetID = A22C9D251A68752200C99FE6;
					};
				};
			};
			buildConfigurationList = A22C9D211A68752200C99FE6 /* Build configuration list for PBXProject "LionsAndTigers" */;
			compatibilityVersion = "Xcode 3.2";
			developmentRegion = English;
			hasScannedForEncodings = 0;
			knownRegions = (
				en,
				Base,
			);
			mainGroup = A22C9D1D1A68752200C99FE6;
			productRefGroup = A22C9D271A68752200C99FE6 /* Products */;
			projectDirPath = "";
			projectRoot = "";
			targets = (
				A22C9D251A68752200C99FE6 /* LionsAndTigers */,
				A22C9D3E1A68752300C99FE6 /* LionsAndTigersTests */,
			);
		};
/* End PBXProject section */

/* Begin PBXResourcesBuildPhase section */
		A22C9D241A68752200C99FE6 /* Resources */ = {
			isa = PBXResourcesBuildPhase;
			buildActionMask = 2147483647;
			files = (
				A22C9D351A68752300C99FE6 /* Main.storyboard in Resources */,
				A22C9D3A1A68752300C99FE6 /* LaunchScreen.xib in Resources */,
				A22C9D371A68752300C99FE6 /* Images.xcassets in Resources */,
			);
			runOnlyForDeploymentPostprocessing = 0;
		};
		A22C9D3D1A68752300C99FE6 /* Resources */ = {
			isa = PBXResourcesBuildPhase;
			buildActionMask = 2147483647;
			files = (
			);
			runOnlyForDeploymentPostprocessing = 0;
		};
/* End PBXResourcesBuildPhase section */

/* Begin PBXSourcesBuildPhase section */
		A22C9D221A68752200C99FE6 /* Sources */ = {
			isa = PBXSourcesBuildPhase;
			buildActionMask = 2147483647;
			files = (
				A22C9D541A6875CF00C99FE6 /* HUDViewController.m in Sources */,
				A22C9D321A68752300C99FE6 /* RootViewController.m in Sources */,
				A22C9D511A6875B100C99FE6 /* TopNewViewController.m in Sources */,
				A2F53DAD1A6B1A290038C034 /* CustomCollectionViewCell.m in Sources */,
				A22C9D2F1A68752200C99FE6 /* AppDelegate.m in Sources */,
				A22C9D2C1A68752200C99FE6 /* main.m in Sources */,
			);
			runOnlyForDeploymentPostprocessing = 0;
		};
		A22C9D3B1A68752300C99FE6 /* Sources */ = {
			isa = PBXSourcesBuildPhase;
			buildActionMask = 2147483647;
			files = (
				A22C9D461A68752300C99FE6 /* LionsAndTigersTests.m in Sources */,
			);
			runOnlyForDeploymentPostprocessing = 0;
		};
/* End PBXSourcesBuildPhase section */

/* Begin PBXTargetDependency section */
		A22C9D411A68752300C99FE6 /* PBXTargetDependency */ = {
			isa = PBXTargetDependency;
			target = A22C9D251A68752200C99FE6 /* LionsAndTigers */;
			targetProxy = A22C9D401A68752300C99FE6 /* PBXContainerItemProxy */;
		};
/* End PBXTargetDependency section */

/* Begin PBXVariantGroup section */
		A22C9D331A68752300C99FE6 /* Main.storyboard */ = {
			isa = PBXVariantGroup;
			children = (
				A22C9D341A68752300C99FE6 /* Base */,
			);
			name = Main.storyboard;
			sourceTree = "<group>";
		};
		A22C9D381A68752300C99FE6 /* LaunchScreen.xib */ = {
			isa = PBXVariantGroup;
			children = (
				A22C9D391A68752300C99FE6 /* Base */,
			);
			name = LaunchScreen.xib;
			sourceTree = "<group>";
		};
/* End PBXVariantGroup section */

/* Begin XCBuildConfiguration section */
		A22C9D471A68752300C99FE6 /* Debug */ = {
			isa = XCBuildConfiguration;
			buildSettings = {
				ALWAYS_SEARCH_USER_PATHS = NO;
				CLANG_CXX_LANGUAGE_STANDARD = "gnu++0x";
				CLANG_CXX_LIBRARY = "libc++";
				CLANG_ENABLE_MODULES = YES;
				CLANG_ENABLE_OBJC_ARC = YES;
				CLANG_WARN_BOOL_CONVERSION = YES;
				CLANG_WARN_CONSTANT_CONVERSION = YES;
				CLANG_WARN_DIRECT_OBJC_ISA_USAGE = YES_ERROR;
				CLANG_WARN_EMPTY_BODY = YES;
				CLANG_WARN_ENUM_CONVERSION = YES;
				CLANG_WARN_INT_CONVERSION = YES;
				CLANG_WARN_OBJC_ROOT_CLASS = YES_ERROR;
				CLANG_WARN_UNREACHABLE_CODE = YES;
				CLANG_WARN__DUPLICATE_METHOD_MATCH = YES;
				"CODE_SIGN_IDENTITY[sdk=iphoneos*]" = "iPhone Developer";
				COPY_PHASE_STRIP = NO;
				ENABLE_STRICT_OBJC_MSGSEND = YES;
				GCC_C_LANGUAGE_STANDARD = gnu99;
				GCC_DYNAMIC_NO_PIC = NO;
				GCC_OPTIMIZATION_LEVEL = 0;
				GCC_PREPROCESSOR_DEFINITIONS = (
					"DEBUG=1",
					"$(inherited)",
				);
				GCC_SYMBOLS_PRIVATE_EXTERN = NO;
				GCC_WARN_64_TO_32_BIT_CONVERSION = YES;
				GCC_WARN_ABOUT_RETURN_TYPE = YES_ERROR;
				GCC_WARN_UNDECLARED_SELECTOR = YES;
				GCC_WARN_UNINITIALIZED_AUTOS = YES_AGGRESSIVE;
				GCC_WARN_UNUSED_FUNCTION = YES;
				GCC_WARN_UNUSED_VARIABLE = YES;
				IPHONEOS_DEPLOYMENT_TARGET = 8.1;
				MTL_ENABLE_DEBUG_INFO = YES;
				ONLY_ACTIVE_ARCH = YES;
				SDKROOT = iphoneos;
			};
			name = Debug;
		};
		A22C9D481A68752300C99FE6 /* Release */ = {
			isa = XCBuildConfiguration;
			buildSettings = {
				ALWAYS_SEARCH_USER_PATHS = NO;
				CLANG_CXX_LANGUAGE_STANDARD = "gnu++0x";
				CLANG_CXX_LIBRARY = "libc++";
				CLANG_ENABLE_MODULES = YES;
				CLANG_ENABLE_OBJC_ARC = YES;
				CLANG_WARN_BOOL_CONVERSION = YES;
				CLANG_WARN_CONSTANT_CONVERSION = YES;
				CLANG_WARN_DIRECT_OBJC_ISA_USAGE = YES_ERROR;
				CLANG_WARN_EMPTY_BODY = YES;
				CLANG_WARN_ENUM_CONVERSION = YES;
				CLANG_WARN_INT_CONVERSION = YES;
				CLANG_WARN_OBJC_ROOT_CLASS = YES_ERROR;
				CLANG_WARN_UNREACHABLE_CODE = YES;
				CLANG_WARN__DUPLICATE_METHOD_MATCH = YES;
				"CODE_SIGN_IDENTITY[sdk=iphoneos*]" = "iPhone Developer";
				COPY_PHASE_STRIP = YES;
				ENABLE_NS_ASSERTIONS = NO;
				ENABLE_STRICT_OBJC_MSGSEND = YES;
				GCC_C_LANGUAGE_STANDARD = gnu99;
				GCC_WARN_64_TO_32_BIT_CONVERSION = YES;
				GCC_WARN_ABOUT_RETURN_TYPE = YES_ERROR;
				GCC_WARN_UNDECLARED_SELECTOR = YES;
				GCC_WARN_UNINITIALIZED_AUTOS = YES_AGGRESSIVE;
				GCC_WARN_UNUSED_FUNCTION = YES;
				GCC_WARN_UNUSED_VARIABLE = YES;
				IPHONEOS_DEPLOYMENT_TARGET = 8.1;
				MTL_ENABLE_DEBUG_INFO = NO;
				SDKROOT = iphoneos;
				VALIDATE_PRODUCT = YES;
			};
			name = Release;
		};
		A22C9D4A1A68752300C99FE6 /* Debug */ = {
			isa = XCBuildConfiguration;
			buildSettings = {
				ASSETCATALOG_COMPILER_APPICON_NAME = AppIcon;
				INFOPLIST_FILE = LionsAndTigers/Info.plist;
				LD_RUNPATH_SEARCH_PATHS = "$(inherited) @executable_path/Frameworks";
				PRODUCT_NAME = "$(TARGET_NAME)";
			};
			name = Debug;
		};
		A22C9D4B1A68752300C99FE6 /* Release */ = {
			isa = XCBuildConfiguration;
			buildSettings = {
				ASSETCATALOG_COMPILER_APPICON_NAME = AppIcon;
				INFOPLIST_FILE = LionsAndTigers/Info.plist;
				LD_RUNPATH_SEARCH_PATHS = "$(inherited) @executable_path/Frameworks";
				PRODUCT_NAME = "$(TARGET_NAME)";
			};
			name = Release;
		};
		A22C9D4D1A68752300C99FE6 /* Debug */ = {
			isa = XCBuildConfiguration;
			buildSettings = {
				BUNDLE_LOADER = "$(TEST_HOST)";
				FRAMEWORK_SEARCH_PATHS = (
					"$(SDKROOT)/Developer/Library/Frameworks",
					"$(inherited)",
				);
				GCC_PREPROCESSOR_DEFINITIONS = (
					"DEBUG=1",
					"$(inherited)",
				);
				INFOPLIST_FILE = LionsAndTigersTests/Info.plist;
				LD_RUNPATH_SEARCH_PATHS = "$(inherited) @executable_path/Frameworks @loader_path/Frameworks";
				PRODUCT_NAME = "$(TARGET_NAME)";
				TEST_HOST = "$(BUILT_PRODUCTS_DIR)/LionsAndTigers.app/LionsAndTigers";
			};
			name = Debug;
		};
		A22C9D4E1A68752300C99FE6 /* Release */ = {
			isa = XCBuildConfiguration;
			buildSettings = {
				BUNDLE_LOADER = "$(TEST_HOST)";
				FRAMEWORK_SEARCH_PATHS = (
					"$(SDKROOT)/Developer/Library/Frameworks",
					"$(inherited)",
				);
				INFOPLIST_FILE = LionsAndTigersTests/Info.plist;
				LD_RUNPATH_SEARCH_PATHS = "$(inherited) @executable_path/Frameworks @loader_path/Frameworks";
				PRODUCT_NAME = "$(TARGET_NAME)";
				TEST_HOST = "$(BUILT_PRODUCTS_DIR)/LionsAndTigers.app/LionsAndTigers";
			};
			name = Release;
		};
/* End XCBuildConfiguration section */

/* Begin XCConfigurationList section */
		A22C9D211A68752200C99FE6 /* Build configuration list for PBXProject "LionsAndTigers" */ = {
			isa = XCConfigurationList;
			buildConfigurations = (
				A22C9D471A68752300C99FE6 /* Debug */,
				A22C9D481A68752300C99FE6 /* Release */,
			);
			defaultConfigurationIsVisible = 0;
			defaultConfigurationName = Release;
		};
		A22C9D491A68752300C99FE6 /* Build configuration list for PBXNativeTarget "LionsAndTigers" */ = {
			isa = XCConfigurationList;
			buildConfigurations = (
				A22C9D4A1A68752300C99FE6 /* Debug */,
				A22C9D4B1A68752300C99FE6 /* Release */,
			);
			defaultConfigurationIsVisible = 0;
			defaultConfigurationName = Release;
		};
		A22C9D4C1A68752300C99FE6 /* Build configuration list for PBXNativeTarget "LionsAndTigersTests" */ = {
			isa = XCConfigurationList;
			buildConfigurations = (
				A22C9D4D1A68752300C99FE6 /* Debug */,
				A22C9D4E1A68752300C99FE6 /* Release */,
			);
			defaultConfigurationIsVisible = 0;
			defaultConfigurationName = Release;
		};
/* End XCConfigurationList section */
	};
	rootObject = A22C9D1E1A68752200C99FE6 /* Project object */;
}
